
Microsoft Visual Studio Solution File, Format Version 12.00
# Visual Studio Version 17
VisualStudioVersion = 17.0.31903.59
MinimumVisualStudioVersion = 10.0.40219.1
Project("{FAE04EC0-301F-11D3-BF4B-00C04F79EFBC}") = "Reflection Viewer", "Reflection Viewer\Reflection Viewer.csproj", "{70C4FD03-F8A4-4260-8E23-E6BAF26BEFFF}"
EndProject
Global
	GlobalSection(SolutionConfigurationPlatforms) = preSolution
		Debug|Any CPU = Debug|Any CPU
		Release|Any CPU = Release|Any CPU
	EndGlobalSection
	GlobalSection(SolutionProperties) = preSolution
		HideSolutionNode = FALSE
	EndGlobalSection
	GlobalSection(ProjectConfigurationPlatforms) = postSolution
		{70C4FD03-F8A4-4260-8E23-E6BAF26BEFFF}.Debug|Any CPU.ActiveCfg = Debug|Any CPU
		{70C4FD03-F8A4-4260-8E23-E6BAF26BEFFF}.Debug|Any CPU.Build.0 = Debug|Any CPU
		{70C4FD03-F8A4-4260-8E23-E6BAF26BEFFF}.Release|Any CPU.ActiveCfg = Release|Any CPU
		{70C4FD03-F8A4-4260-8E23-E6BAF26BEFFF}.Release|Any CPU.Build.0 = Release|Any CPU
	EndGlobalSection
EndGlobal
