
Microsoft Visual Studio Solution File, Format Version 11.00
# Visual Studio 2017
Project("{E24C65DC-7377-472B-9ABA-BC803B73C61A}") = "TutorialCS", "TutorialCS\", "{860F5BF9-EBB7-4149-9738-E27F2E865617}"
	ProjectSection(WebsiteProperties) = preProject
		TargetFrameworkMoniker = ".NETFramework,Version%3Dv4.0"
		Debug.AspNetCompiler.VirtualPath = "/TutorialCS"
		Debug.AspNetCompiler.PhysicalPath = "TutorialCS\"
		Debug.AspNetCompiler.TargetPath = "PrecompiledWeb\TutorialCS\"
		Debug.AspNetCompiler.Updateable = "true"
		Debug.AspNetCompiler.ForceOverwrite = "true"
		Debug.AspNetCompiler.FixedNames = "false"
		Debug.AspNetCompiler.Debug = "True"
		Release.AspNetCompiler.VirtualPath = "/TutorialCS"
		Release.AspNetCompiler.PhysicalPath = "TutorialCS\"
		Release.AspNetCompiler.TargetPath = "PrecompiledWeb\TutorialCS\"
		Release.AspNetCompiler.Updateable = "true"
		Release.AspNetCompiler.ForceOverwrite = "true"
		Release.AspNetCompiler.FixedNames = "false"
		Release.AspNetCompiler.Debug = "False"
		VWDPort = "62197"
		DefaultWebSiteLanguage = "Visual C#"
	EndProjectSection
EndProject
Project("{E24C65DC-7377-472B-9ABA-BC803B73C61A}") = "TutorialVB", "TutorialVB\", "{51FCC870-179E-4DD7-9B9D-5387CF181839}"
	ProjectSection(WebsiteProperties) = preProject
		TargetFrameworkMoniker = ".NETFramework,Version%3Dv4.0"
		Debug.AspNetCompiler.VirtualPath = "/TutorialVB"
		Debug.AspNetCompiler.PhysicalPath = "TutorialVB\"
		Debug.AspNetCompiler.TargetPath = "PrecompiledWeb\TutorialVB\"
		Debug.AspNetCompiler.Updateable = "true"
		Debug.AspNetCompiler.ForceOverwrite = "true"
		Debug.AspNetCompiler.FixedNames = "false"
		Debug.AspNetCompiler.Debug = "True"
		Release.AspNetCompiler.VirtualPath = "/TutorialVB"
		Release.AspNetCompiler.PhysicalPath = "TutorialVB\"
		Release.AspNetCompiler.TargetPath = "PrecompiledWeb\TutorialVB\"
		Release.AspNetCompiler.Updateable = "true"
		Release.AspNetCompiler.ForceOverwrite = "true"
		Release.AspNetCompiler.FixedNames = "false"
		Release.AspNetCompiler.Debug = "False"
		VWDPort = "53504"
	EndProjectSection
EndProject
Global
	GlobalSection(SolutionConfigurationPlatforms) = preSolution
		Debug|Any CPU = Debug|Any CPU
	EndGlobalSection
	GlobalSection(ProjectConfigurationPlatforms) = postSolution
		{860F5BF9-EBB7-4149-9738-E27F2E865617}.Debug|Any CPU.ActiveCfg = Debug|Any CPU
		{860F5BF9-EBB7-4149-9738-E27F2E865617}.Debug|Any CPU.Build.0 = Debug|Any CPU
		{51FCC870-179E-4DD7-9B9D-5387CF181839}.Debug|Any CPU.ActiveCfg = Debug|Any CPU
		{51FCC870-179E-4DD7-9B9D-5387CF181839}.Debug|Any CPU.Build.0 = Debug|Any CPU
	EndGlobalSection
	GlobalSection(SolutionProperties) = preSolution
		HideSolutionNode = FALSE
	EndGlobalSection
EndGlobal
